
Microsoft Visual Studio Solution File, Format Version 12.00
# Visual Studio Version 16
VisualStudioVersion = 16.0.31410.357
MinimumVisualStudioVersion = 10.0.40219.1
Project("{FAE04EC0-301F-11D3-BF4B-00C04F79EFBC}") = "SOLIDPrinciples", "SOLIDPrinciples\SOLIDPrinciples.csproj", "{21A44D86-C0FF-4122-9447-B968D0CF391D}"
EndProject
Global
	GlobalSection(SolutionConfigurationPlatforms) = preSolution
		Debug|Any CPU = Debug|Any CPU
		Release|Any CPU = Release|Any CPU
	EndGlobalSection
	GlobalSection(ProjectConfigurationPlatforms) = postSolution
		{21A44D86-C0FF-4122-9447-B968D0CF391D}.Debug|Any CPU.ActiveCfg = Debug|Any CPU
		{21A44D86-C0FF-4122-9447-B968D0CF391D}.Debug|Any CPU.Build.0 = Debug|Any CPU
		{21A44D86-C0FF-4122-9447-B968D0CF391D}.Release|Any CPU.ActiveCfg = Release|Any CPU
		{21A44D86-C0FF-4122-9447-B968D0CF391D}.Release|Any CPU.Build.0 = Release|Any CPU
	EndGlobalSection
	GlobalSection(SolutionProperties) = preSolution
		HideSolutionNode = FALSE
	EndGlobalSection
	GlobalSection(ExtensibilityGlobals) = postSolution
		SolutionGuid = {D930EE10-B6AE-46C9-9D7B-A9B6084BAFA0}
	EndGlobalSection
EndGlobal
